
Microsoft Visual Studio Solution File, Format Version 12.00
# Visual Studio Version 17
VisualStudioVersion = 17.11.35303.130
MinimumVisualStudioVersion = 10.0.40219.1
Project("{FAE04EC0-301F-11D3-BF4B-00C04F79EFBC}") = "SApi", "SApi\SApi.csproj", "{F1F09BFC-C270-4071-9016-77B95075BE19}"
EndProject
Global
	GlobalSection(SolutionConfigurationPlatforms) = preSolution
		Debug|Any CPU = Debug|Any CPU
		Release|Any CPU = Release|Any CPU
	EndGlobalSection
	GlobalSection(ProjectConfigurationPlatforms) = postSolution
		{F1F09BFC-C270-4071-9016-77B95075BE19}.Debug|Any CPU.ActiveCfg = Debug|Any CPU
		{F1F09BFC-C270-4071-9016-77B95075BE19}.Debug|Any CPU.Build.0 = Debug|Any CPU
		{F1F09BFC-C270-4071-9016-77B95075BE19}.Release|Any CPU.ActiveCfg = Release|Any CPU
		{F1F09BFC-C270-4071-9016-77B95075BE19}.Release|Any CPU.Build.0 = Release|Any CPU
	EndGlobalSection
	GlobalSection(SolutionProperties) = preSolution
		HideSolutionNode = FALSE
	EndGlobalSection
	GlobalSection(ExtensibilityGlobals) = postSolution
		SolutionGuid = {FD0A0733-267F-4D2C-AB3E-507B81594DEE}
	EndGlobalSection
EndGlobal
